
Microsoft Visual Studio Solution File, Format Version 12.00
# Visual Studio 14
VisualStudioVersion = 14.0.23107.0
MinimumVisualStudioVersion = 10.0.40219.1
Project("{FAE04EC0-301F-11D3-BF4B-00C04F79EFBC}") = "GameLibrary", "GameLibrary\GameLibrary.csproj", "{C5A4A5DB-2B61-45FA-8A30-42F0FA1B96B6}"
EndProject
Project("{FAE04EC0-301F-11D3-BF4B-00C04F79EFBC}") = "NumGame", "NumGame\NumGame.csproj", "{C0926B82-99DE-4609-B770-95B18FE1F816}"
EndProject
Global
	GlobalSection(SolutionConfigurationPlatforms) = preSolution
		Debug|Any CPU = Debug|Any CPU
		Release|Any CPU = Release|Any CPU
	EndGlobalSection
	GlobalSection(ProjectConfigurationPlatforms) = postSolution
		{C5A4A5DB-2B61-45FA-8A30-42F0FA1B96B6}.Debug|Any CPU.ActiveCfg = Debug|Any CPU
		{C5A4A5DB-2B61-45FA-8A30-42F0FA1B96B6}.Debug|Any CPU.Build.0 = Debug|Any CPU
		{C5A4A5DB-2B61-45FA-8A30-42F0FA1B96B6}.Release|Any CPU.ActiveCfg = Release|Any CPU
		{C5A4A5DB-2B61-45FA-8A30-42F0FA1B96B6}.Release|Any CPU.Build.0 = Release|Any CPU
		{C0926B82-99DE-4609-B770-95B18FE1F816}.Debug|Any CPU.ActiveCfg = Debug|Any CPU
		{C0926B82-99DE-4609-B770-95B18FE1F816}.Debug|Any CPU.Build.0 = Debug|Any CPU
		{C0926B82-99DE-4609-B770-95B18FE1F816}.Release|Any CPU.ActiveCfg = Release|Any CPU
		{C0926B82-99DE-4609-B770-95B18FE1F816}.Release|Any CPU.Build.0 = Release|Any CPU
	EndGlobalSection
	GlobalSection(SolutionProperties) = preSolution
		HideSolutionNode = FALSE
	EndGlobalSection
EndGlobal
